
Microsoft Visual Studio Solution File, Format Version 12.00
# Visual Studio Version 16
VisualStudioVersion = 16.0.30804.86
MinimumVisualStudioVersion = 10.0.40219.1
Project("{888888A0-9F3D-457C-B088-3A5042F75D52}") = "Zadanie-2", "Zadanie-2\Zadanie-2.pyproj", "{8DC8765B-53C1-48E4-8733-897B1A7BB7EE}"
EndProject
Global
	GlobalSection(SolutionConfigurationPlatforms) = preSolution
		Debug|Any CPU = Debug|Any CPU
		Release|Any CPU = Release|Any CPU
	EndGlobalSection
	GlobalSection(ProjectConfigurationPlatforms) = postSolution
		{8DC8765B-53C1-48E4-8733-897B1A7BB7EE}.Debug|Any CPU.ActiveCfg = Debug|Any CPU
		{8DC8765B-53C1-48E4-8733-897B1A7BB7EE}.Release|Any CPU.ActiveCfg = Release|Any CPU
	EndGlobalSection
	GlobalSection(SolutionProperties) = preSolution
		HideSolutionNode = FALSE
	EndGlobalSection
	GlobalSection(ExtensibilityGlobals) = postSolution
		SolutionGuid = {9FF7FCFC-F5AF-4A84-917E-BE512227D38D}
	EndGlobalSection
EndGlobal
