
Microsoft Visual Studio Solution File, Format Version 12.00
# Visual Studio Version 16
VisualStudioVersion = 16.0.30804.86
MinimumVisualStudioVersion = 10.0.40219.1
Project("{888888A0-9F3D-457C-B088-3A5042F75D52}") = "Zadanie-4", "Zadanie-4\Zadanie-4.pyproj", "{2D4AE861-1722-4E17-86E1-FD01A82166C2}"
EndProject
Global
	GlobalSection(SolutionConfigurationPlatforms) = preSolution
		Debug|Any CPU = Debug|Any CPU
		Release|Any CPU = Release|Any CPU
	EndGlobalSection
	GlobalSection(ProjectConfigurationPlatforms) = postSolution
		{2D4AE861-1722-4E17-86E1-FD01A82166C2}.Debug|Any CPU.ActiveCfg = Debug|Any CPU
		{2D4AE861-1722-4E17-86E1-FD01A82166C2}.Release|Any CPU.ActiveCfg = Release|Any CPU
	EndGlobalSection
	GlobalSection(SolutionProperties) = preSolution
		HideSolutionNode = FALSE
	EndGlobalSection
	GlobalSection(ExtensibilityGlobals) = postSolution
		SolutionGuid = {54A8EB9D-94E0-4CDC-AAB1-9CF0FA78F15B}
	EndGlobalSection
EndGlobal
