
Microsoft Visual Studio Solution File, Format Version 12.00
# Visual Studio Version 16
VisualStudioVersion = 16.0.30804.86
MinimumVisualStudioVersion = 10.0.40219.1
Project("{888888A0-9F3D-457C-B088-3A5042F75D52}") = "Zadanie-1", "Zadanie-1\Zadanie-1.pyproj", "{79AA4458-498B-4BA1-8634-363DCF561CF2}"
EndProject
Global
	GlobalSection(SolutionConfigurationPlatforms) = preSolution
		Debug|Any CPU = Debug|Any CPU
		Release|Any CPU = Release|Any CPU
	EndGlobalSection
	GlobalSection(ProjectConfigurationPlatforms) = postSolution
		{79AA4458-498B-4BA1-8634-363DCF561CF2}.Debug|Any CPU.ActiveCfg = Debug|Any CPU
		{79AA4458-498B-4BA1-8634-363DCF561CF2}.Release|Any CPU.ActiveCfg = Release|Any CPU
	EndGlobalSection
	GlobalSection(SolutionProperties) = preSolution
		HideSolutionNode = FALSE
	EndGlobalSection
	GlobalSection(ExtensibilityGlobals) = postSolution
		SolutionGuid = {96349B4D-F1BC-434E-904A-8D2D1933E544}
	EndGlobalSection
EndGlobal
